// !$*UTF8*$!
{
	archiveVersion = 1;
	classes = {
	};
	objectVersion = 48;
	objects = {

/* Begin PBXBuildFile section */
		345FF13820293CF90024130B /* WKWebViewController.swift in Sources */ = {isa = PBXBuildFile; fileRef = 345FF13720293CF90024130B /* WKWebViewController.swift */; };
		345FF13A20293E5B0024130B /* URLRequest+SWFBuilder.swift in Sources */ = {isa = PBXBuildFile; fileRef = 345FF13920293E5B0024130B /* URLRequest+SWFBuilder.swift */; };
		347E7C5C202194E700712875 /* AppDelegate.swift in Sources */ = {isa = PBXBuildFile; fileRef = 347E7C5B202194E700712875 /* AppDelegate.swift */; };
		347E7C5E202194E700712875 /* ViewController.swift in Sources */ = {isa = PBXBuildFile; fileRef = 347E7C5D202194E700712875 /* ViewController.swift */; };
		347E7C61202194E700712875 /* Main.storyboard in Resources */ = {isa = PBXBuildFile; fileRef = 347E7C5F202194E700712875 /* Main.storyboard */; };
		347E7C63202194E700712875 /* Assets.xcassets in Resources */ = {isa = PBXBuildFile; fileRef = 347E7C62202194E700712875 /* Assets.xcassets */; };
		347E7C66202194E700712875 /* LaunchScreen.storyboard in Resources */ = {isa = PBXBuildFile; fileRef = 347E7C64202194E700712875 /* LaunchScreen.storyboard */; };
		347E7C71202194E700712875 /* SWFBuilderDemoTests.swift in Sources */ = {isa = PBXBuildFile; fileRef = 347E7C70202194E700712875 /* SWFBuilderDemoTests.swift */; };
		347E7C7C202194E700712875 /* SWFBuilderDemoUITests.swift in Sources */ = {isa = PBXBuildFile; fileRef = 347E7C7B202194E700712875 /* SWFBuilderDemoUITests.swift */; };
		34A75D382023FCFA006FCC29 /* back@3x.png in Resources */ = {isa = PBXBuildFile; fileRef = 34A75D362023FCF9006FCC29 /* back@3x.png */; };
		34A75D392023FCFA006FCC29 /* xxx@3x.png in Resources */ = {isa = PBXBuildFile; fileRef = 34A75D372023FCF9006FCC29 /* xxx@3x.png */; };
		34E47F952022E575005E855C /* Data+SWFBuilder.swift in Sources */ = {isa = PBXBuildFile; fileRef = 34E47F632022E575005E855C /* Data+SWFBuilder.swift */; };
		34E47F962022E575005E855C /* Date+SWFBuilder.swift in Sources */ = {isa = PBXBuildFile; fileRef = 34E47F642022E575005E855C /* Date+SWFBuilder.swift */; };
		34E47F972022E575005E855C /* DateFormatter+SWFBuilder.swift in Sources */ = {isa = PBXBuildFile; fileRef = 34E47F652022E575005E855C /* DateFormatter+SWFBuilder.swift */; };
		34E47F982022E575005E855C /* Dictionary+SWFBuilder.swift in Sources */ = {isa = PBXBuildFile; fileRef = 34E47F662022E575005E855C /* Dictionary+SWFBuilder.swift */; };
		34E47F992022E575005E855C /* NSArray+SWFBuilder.swift in Sources */ = {isa = PBXBuildFile; fileRef = 34E47F672022E575005E855C /* NSArray+SWFBuilder.swift */; };
		34E47F9A2022E575005E855C /* NSAttributedString+SWFBuilder.swift in Sources */ = {isa = PBXBuildFile; fileRef = 34E47F682022E575005E855C /* NSAttributedString+SWFBuilder.swift */; };
		34E47F9B2022E575005E855C /* NSMutableArray+SWFBuilder.swift in Sources */ = {isa = PBXBuildFile; fileRef = 34E47F692022E575005E855C /* NSMutableArray+SWFBuilder.swift */; };
		34E47F9C2022E575005E855C /* NSMutableAttributedString+SWFBuilder.swift in Sources */ = {isa = PBXBuildFile; fileRef = 34E47F6A2022E575005E855C /* NSMutableAttributedString+SWFBuilder.swift */; };
		34E47F9D2022E575005E855C /* NSMutableParagraphStyle+SWFBuilder.swift in Sources */ = {isa = PBXBuildFile; fileRef = 34E47F6B2022E575005E855C /* NSMutableParagraphStyle+SWFBuilder.swift */; };
		34E47F9E2022E575005E855C /* NSObject+SWFBuilder.swift in Sources */ = {isa = PBXBuildFile; fileRef = 34E47F6C2022E575005E855C /* NSObject+SWFBuilder.swift */; };
		34E47F9F2022E575005E855C /* SFAlert.swift in Sources */ = {isa = PBXBuildFile; fileRef = 34E47F6D2022E575005E855C /* SFAlert.swift */; };
		34E47FA02022E575005E855C /* SFConfig.swift in Sources */ = {isa = PBXBuildFile; fileRef = 34E47F6E2022E575005E855C /* SFConfig.swift */; };
		34E47FA12022E575005E855C /* SFDefine.swift in Sources */ = {isa = PBXBuildFile; fileRef = 34E47F6F2022E575005E855C /* SFDefine.swift */; };
		34E47FA22022E575005E855C /* SFFunc.swift in Sources */ = {isa = PBXBuildFile; fileRef = 34E47F702022E575005E855C /* SFFunc.swift */; };
		34E47FA32022E575005E855C /* SFMake.swift in Sources */ = {isa = PBXBuildFile; fileRef = 34E47F712022E575005E855C /* SFMake.swift */; };
		34E47FA42022E575005E855C /* SFProtocol.swift in Sources */ = {isa = PBXBuildFile; fileRef = 34E47F722022E575005E855C /* SFProtocol.swift */; };
		34E47FA52022E575005E855C /* SFQueue.swift in Sources */ = {isa = PBXBuildFile; fileRef = 34E47F732022E575005E855C /* SFQueue.swift */; };
		34E47FA62022E575005E855C /* SFUtils.swift in Sources */ = {isa = PBXBuildFile; fileRef = 34E47F742022E575005E855C /* SFUtils.swift */; };
		34E47FA72022E575005E855C /* String+SWFBuilder.swift in Sources */ = {isa = PBXBuildFile; fileRef = 34E47F752022E575005E855C /* String+SWFBuilder.swift */; };
		34E47FA82022E575005E855C /* UIActivityIndicatorView+SWFBuilder.swift in Sources */ = {isa = PBXBuildFile; fileRef = 34E47F762022E575005E855C /* UIActivityIndicatorView+SWFBuilder.swift */; };
		34E47FA92022E575005E855C /* UIApplication+SWFBuilder.swift in Sources */ = {isa = PBXBuildFile; fileRef = 34E47F772022E575005E855C /* UIApplication+SWFBuilder.swift */; };
		34E47FAA2022E575005E855C /* UIButton+SWFBuilder.swift in Sources */ = {isa = PBXBuildFile; fileRef = 34E47F782022E575005E855C /* UIButton+SWFBuilder.swift */; };
		34E47FAB2022E575005E855C /* UICollectionView+SWFBuilder.swift in Sources */ = {isa = PBXBuildFile; fileRef = 34E47F792022E575005E855C /* UICollectionView+SWFBuilder.swift */; };
		34E47FAC2022E575005E855C /* UICollectionViewCell+SWFBuilder.swift in Sources */ = {isa = PBXBuildFile; fileRef = 34E47F7A2022E575005E855C /* UICollectionViewCell+SWFBuilder.swift */; };
		34E47FAD2022E575005E855C /* UICollectionViewFlowLayout+SWFBuilder.swift in Sources */ = {isa = PBXBuildFile; fileRef = 34E47F7B2022E575005E855C /* UICollectionViewFlowLayout+SWFBuilder.swift */; };
		34E47FAE2022E575005E855C /* UICollectionViewLayout+SWFBuilder.swift in Sources */ = {isa = PBXBuildFile; fileRef = 34E47F7C2022E575005E855C /* UICollectionViewLayout+SWFBuilder.swift */; };
		34E47FAF2022E575005E855C /* UIColor+SWFBuilder.swift in Sources */ = {isa = PBXBuildFile; fileRef = 34E47F7D2022E575005E855C /* UIColor+SWFBuilder.swift */; };
		34E47FB02022E575005E855C /* UIDatePicker+SWFBuilder.swift in Sources */ = {isa = PBXBuildFile; fileRef = 34E47F7E2022E575005E855C /* UIDatePicker+SWFBuilder.swift */; };
		34E47FB12022E575005E855C /* UIFont+SWFBuilder.swift in Sources */ = {isa = PBXBuildFile; fileRef = 34E47F7F2022E575005E855C /* UIFont+SWFBuilder.swift */; };
		34E47FB22022E575005E855C /* UIImage+SWFBuilder.swift in Sources */ = {isa = PBXBuildFile; fileRef = 34E47F802022E575005E855C /* UIImage+SWFBuilder.swift */; };
		34E47FB32022E575005E855C /* UIImageView+SWFBuilder.swift in Sources */ = {isa = PBXBuildFile; fileRef = 34E47F812022E575005E855C /* UIImageView+SWFBuilder.swift */; };
		34E47FB42022E575005E855C /* UILabel+SWFBuilder.swift in Sources */ = {isa = PBXBuildFile; fileRef = 34E47F822022E575005E855C /* UILabel+SWFBuilder.swift */; };
		34E47FB52022E575005E855C /* UINavigationControllor+SWFBuilder.swift in Sources */ = {isa = PBXBuildFile; fileRef = 34E47F832022E575005E855C /* UINavigationControllor+SWFBuilder.swift */; };
		34E47FB62022E575005E855C /* UIPageControl+SWFBuilder.swift in Sources */ = {isa = PBXBuildFile; fileRef = 34E47F842022E575005E855C /* UIPageControl+SWFBuilder.swift */; };
		34E47FB72022E575005E855C /* UIPickerView+SWFBuilder.swift in Sources */ = {isa = PBXBuildFile; fileRef = 34E47F852022E575005E855C /* UIPickerView+SWFBuilder.swift */; };
		34E47FB82022E575005E855C /* UIScrollView+SWFBuilder.swift in Sources */ = {isa = PBXBuildFile; fileRef = 34E47F862022E575005E855C /* UIScrollView+SWFBuilder.swift */; };
		34E47FB92022E575005E855C /* UISearchBar+SWFBuilder.swift in Sources */ = {isa = PBXBuildFile; fileRef = 34E47F872022E575005E855C /* UISearchBar+SWFBuilder.swift */; };
		34E47FBA2022E575005E855C /* UISegmentedControl+SWFBuilder.swift in Sources */ = {isa = PBXBuildFile; fileRef = 34E47F882022E575005E855C /* UISegmentedControl+SWFBuilder.swift */; };
		34E47FBB2022E575005E855C /* UISlider+SWFBuilder.swift in Sources */ = {isa = PBXBuildFile; fileRef = 34E47F892022E575005E855C /* UISlider+SWFBuilder.swift */; };
		34E47FBC2022E575005E855C /* UISwitch+SWFBuilder.swift in Sources */ = {isa = PBXBuildFile; fileRef = 34E47F8A2022E575005E855C /* UISwitch+SWFBuilder.swift */; };
		34E47FBD2022E575005E855C /* UITableView+SWFBuilder.swift in Sources */ = {isa = PBXBuildFile; fileRef = 34E47F8B2022E575005E855C /* UITableView+SWFBuilder.swift */; };
		34E47FBE2022E575005E855C /* UITableViewCell+SWFBuilder.swift in Sources */ = {isa = PBXBuildFile; fileRef = 34E47F8C2022E575005E855C /* UITableViewCell+SWFBuilder.swift */; };
		34E47FBF2022E575005E855C /* UITextField+SWFBuilder.swift in Sources */ = {isa = PBXBuildFile; fileRef = 34E47F8D2022E575005E855C /* UITextField+SWFBuilder.swift */; };
		34E47FC02022E575005E855C /* UITextView+SWFBuilder.swift in Sources */ = {isa = PBXBuildFile; fileRef = 34E47F8E2022E575005E855C /* UITextView+SWFBuilder.swift */; };
		34E47FC12022E575005E855C /* UIView+SWFBuilder.swift in Sources */ = {isa = PBXBuildFile; fileRef = 34E47F8F2022E575005E855C /* UIView+SWFBuilder.swift */; };
		34E47FC22022E575005E855C /* UIViewController+SWFBuilder.swift in Sources */ = {isa = PBXBuildFile; fileRef = 34E47F902022E575005E855C /* UIViewController+SWFBuilder.swift */; };
		34E47FC32022E575005E855C /* UIWebView+SWFBuilder.swift in Sources */ = {isa = PBXBuildFile; fileRef = 34E47F912022E575005E855C /* UIWebView+SWFBuilder.swift */; };
		34E47FC42022E575005E855C /* UIWindow+SWFBuilder.swift in Sources */ = {isa = PBXBuildFile; fileRef = 34E47F922022E575005E855C /* UIWindow+SWFBuilder.swift */; };
		34E47FC52022E575005E855C /* URL+SWFBuilder.swift in Sources */ = {isa = PBXBuildFile; fileRef = 34E47F932022E575005E855C /* URL+SWFBuilder.swift */; };
		34E47FC62022E575005E855C /* WKWebView+SWFBuilder.swift in Sources */ = {isa = PBXBuildFile; fileRef = 34E47F942022E575005E855C /* WKWebView+SWFBuilder.swift */; };
/* End PBXBuildFile section */

/* Begin PBXContainerItemProxy section */
		347E7C6D202194E700712875 /* PBXContainerItemProxy */ = {
			isa = PBXContainerItemProxy;
			containerPortal = 347E7C50202194E700712875 /* Project object */;
			proxyType = 1;
			remoteGlobalIDString = 347E7C57202194E700712875;
			remoteInfo = SWFBuilderDemo;
		};
		347E7C78202194E700712875 /* PBXContainerItemProxy */ = {
			isa = PBXContainerItemProxy;
			containerPortal = 347E7C50202194E700712875 /* Project object */;
			proxyType = 1;
			remoteGlobalIDString = 347E7C57202194E700712875;
			remoteInfo = SWFBuilderDemo;
		};
/* End PBXContainerItemProxy section */

/* Begin PBXFileReference section */
		345FF13720293CF90024130B /* WKWebViewController.swift */ = {isa = PBXFileReference; fileEncoding = 4; lastKnownFileType = sourcecode.swift; path = WKWebViewController.swift; sourceTree = "<group>"; };
		345FF13920293E5B0024130B /* URLRequest+SWFBuilder.swift */ = {isa = PBXFileReference; fileEncoding = 4; lastKnownFileType = sourcecode.swift; path = "URLRequest+SWFBuilder.swift"; sourceTree = "<group>"; };
		347E7C58202194E700712875 /* SWFBuilderDemo.app */ = {isa = PBXFileReference; explicitFileType = wrapper.application; includeInIndex = 0; path = SWFBuilderDemo.app; sourceTree = BUILT_PRODUCTS_DIR; };
		347E7C5B202194E700712875 /* AppDelegate.swift */ = {isa = PBXFileReference; lastKnownFileType = sourcecode.swift; path = AppDelegate.swift; sourceTree = "<group>"; };
		347E7C5D202194E700712875 /* ViewController.swift */ = {isa = PBXFileReference; lastKnownFileType = sourcecode.swift; path = ViewController.swift; sourceTree = "<group>"; };
		347E7C60202194E700712875 /* Base */ = {isa = PBXFileReference; lastKnownFileType = file.storyboard; name = Base; path = Base.lproj/Main.storyboard; sourceTree = "<group>"; };
		347E7C62202194E700712875 /* Assets.xcassets */ = {isa = PBXFileReference; lastKnownFileType = folder.assetcatalog; path = Assets.xcassets; sourceTree = "<group>"; };
		347E7C65202194E700712875 /* Base */ = {isa = PBXFileReference; lastKnownFileType = file.storyboard; name = Base; path = Base.lproj/LaunchScreen.storyboard; sourceTree = "<group>"; };
		347E7C67202194E700712875 /* Info.plist */ = {isa = PBXFileReference; lastKnownFileType = text.plist.xml; path = Info.plist; sourceTree = "<group>"; };
		347E7C6C202194E700712875 /* SWFBuilderDemoTests.xctest */ = {isa = PBXFileReference; explicitFileType = wrapper.cfbundle; includeInIndex = 0; path = SWFBuilderDemoTests.xctest; sourceTree = BUILT_PRODUCTS_DIR; };
		347E7C70202194E700712875 /* SWFBuilderDemoTests.swift */ = {isa = PBXFileReference; lastKnownFileType = sourcecode.swift; path = SWFBuilderDemoTests.swift; sourceTree = "<group>"; };
		347E7C72202194E700712875 /* Info.plist */ = {isa = PBXFileReference; lastKnownFileType = text.plist.xml; path = Info.plist; sourceTree = "<group>"; };
		347E7C77202194E700712875 /* SWFBuilderDemoUITests.xctest */ = {isa = PBXFileReference; explicitFileType = wrapper.cfbundle; includeInIndex = 0; path = SWFBuilderDemoUITests.xctest; sourceTree = BUILT_PRODUCTS_DIR; };
		347E7C7B202194E700712875 /* SWFBuilderDemoUITests.swift */ = {isa = PBXFileReference; lastKnownFileType = sourcecode.swift; path = SWFBuilderDemoUITests.swift; sourceTree = "<group>"; };
		347E7C7D202194E700712875 /* Info.plist */ = {isa = PBXFileReference; lastKnownFileType = text.plist.xml; path = Info.plist; sourceTree = "<group>"; };
		34A75D362023FCF9006FCC29 /* back@3x.png */ = {isa = PBXFileReference; lastKnownFileType = image.png; path = "back@3x.png"; sourceTree = "<group>"; };
		34A75D372023FCF9006FCC29 /* xxx@3x.png */ = {isa = PBXFileReference; lastKnownFileType = image.png; path = "xxx@3x.png"; sourceTree = "<group>"; };
		34E47F632022E575005E855C /* Data+SWFBuilder.swift */ = {isa = PBXFileReference; fileEncoding = 4; lastKnownFileType = sourcecode.swift; path = "Data+SWFBuilder.swift"; sourceTree = "<group>"; };
		34E47F642022E575005E855C /* Date+SWFBuilder.swift */ = {isa = PBXFileReference; fileEncoding = 4; lastKnownFileType = sourcecode.swift; path = "Date+SWFBuilder.swift"; sourceTree = "<group>"; };
		34E47F652022E575005E855C /* DateFormatter+SWFBuilder.swift */ = {isa = PBXFileReference; fileEncoding = 4; lastKnownFileType = sourcecode.swift; path = "DateFormatter+SWFBuilder.swift"; sourceTree = "<group>"; };
		34E47F662022E575005E855C /* Dictionary+SWFBuilder.swift */ = {isa = PBXFileReference; fileEncoding = 4; lastKnownFileType = sourcecode.swift; path = "Dictionary+SWFBuilder.swift"; sourceTree = "<group>"; };
		34E47F672022E575005E855C /* NSArray+SWFBuilder.swift */ = {isa = PBXFileReference; fileEncoding = 4; lastKnownFileType = sourcecode.swift; path = "NSArray+SWFBuilder.swift"; sourceTree = "<group>"; };
		34E47F682022E575005E855C /* NSAttributedString+SWFBuilder.swift */ = {isa = PBXFileReference; fileEncoding = 4; lastKnownFileType = sourcecode.swift; path = "NSAttributedString+SWFBuilder.swift"; sourceTree = "<group>"; };
		34E47F692022E575005E855C /* NSMutableArray+SWFBuilder.swift */ = {isa = PBXFileReference; fileEncoding = 4; lastKnownFileType = sourcecode.swift; path = "NSMutableArray+SWFBuilder.swift"; sourceTree = "<group>"; };
		34E47F6A2022E575005E855C /* NSMutableAttributedString+SWFBuilder.swift */ = {isa = PBXFileReference; fileEncoding = 4; lastKnownFileType = sourcecode.swift; path = "NSMutableAttributedString+SWFBuilder.swift"; sourceTree = "<group>"; };
		34E47F6B2022E575005E855C /* NSMutableParagraphStyle+SWFBuilder.swift */ = {isa = PBXFileReference; fileEncoding = 4; lastKnownFileType = sourcecode.swift; path = "NSMutableParagraphStyle+SWFBuilder.swift"; sourceTree = "<group>"; };
		34E47F6C2022E575005E855C /* NSObject+SWFBuilder.swift */ = {isa = PBXFileReference; fileEncoding = 4; lastKnownFileType = sourcecode.swift; path = "NSObject+SWFBuilder.swift"; sourceTree = "<group>"; };
		34E47F6D2022E575005E855C /* SFAlert.swift */ = {isa = PBXFileReference; fileEncoding = 4; lastKnownFileType = sourcecode.swift; path = SFAlert.swift; sourceTree = "<group>"; };
		34E47F6E2022E575005E855C /* SFConfig.swift */ = {isa = PBXFileReference; fileEncoding = 4; lastKnownFileType = sourcecode.swift; path = SFConfig.swift; sourceTree = "<group>"; };
		34E47F6F2022E575005E855C /* SFDefine.swift */ = {isa = PBXFileReference; fileEncoding = 4; lastKnownFileType = sourcecode.swift; path = SFDefine.swift; sourceTree = "<group>"; };
		34E47F702022E575005E855C /* SFFunc.swift */ = {isa = PBXFileReference; fileEncoding = 4; lastKnownFileType = sourcecode.swift; path = SFFunc.swift; sourceTree = "<group>"; };
		34E47F712022E575005E855C /* SFMake.swift */ = {isa = PBXFileReference; fileEncoding = 4; lastKnownFileType = sourcecode.swift; path = SFMake.swift; sourceTree = "<group>"; };
		34E47F722022E575005E855C /* SFProtocol.swift */ = {isa = PBXFileReference; fileEncoding = 4; lastKnownFileType = sourcecode.swift; path = SFProtocol.swift; sourceTree = "<group>"; };
		34E47F732022E575005E855C /* SFQueue.swift */ = {isa = PBXFileReference; fileEncoding = 4; lastKnownFileType = sourcecode.swift; path = SFQueue.swift; sourceTree = "<group>"; };
		34E47F742022E575005E855C /* SFUtils.swift */ = {isa = PBXFileReference; fileEncoding = 4; lastKnownFileType = sourcecode.swift; path = SFUtils.swift; sourceTree = "<group>"; };
		34E47F752022E575005E855C /* String+SWFBuilder.swift */ = {isa = PBXFileReference; fileEncoding = 4; lastKnownFileType = sourcecode.swift; path = "String+SWFBuilder.swift"; sourceTree = "<group>"; };
		34E47F762022E575005E855C /* UIActivityIndicatorView+SWFBuilder.swift */ = {isa = PBXFileReference; fileEncoding = 4; lastKnownFileType = sourcecode.swift; path = "UIActivityIndicatorView+SWFBuilder.swift"; sourceTree = "<group>"; };
		34E47F772022E575005E855C /* UIApplication+SWFBuilder.swift */ = {isa = PBXFileReference; fileEncoding = 4; lastKnownFileType = sourcecode.swift; path = "UIApplication+SWFBuilder.swift"; sourceTree = "<group>"; };
		34E47F782022E575005E855C /* UIButton+SWFBuilder.swift */ = {isa = PBXFileReference; fileEncoding = 4; lastKnownFileType = sourcecode.swift; path = "UIButton+SWFBuilder.swift"; sourceTree = "<group>"; };
		34E47F792022E575005E855C /* UICollectionView+SWFBuilder.swift */ = {isa = PBXFileReference; fileEncoding = 4; lastKnownFileType = sourcecode.swift; path = "UICollectionView+SWFBuilder.swift"; sourceTree = "<group>"; };
		34E47F7A2022E575005E855C /* UICollectionViewCell+SWFBuilder.swift */ = {isa = PBXFileReference; fileEncoding = 4; lastKnownFileType = sourcecode.swift; path = "UICollectionViewCell+SWFBuilder.swift"; sourceTree = "<group>"; };
		34E47F7B2022E575005E855C /* UICollectionViewFlowLayout+SWFBuilder.swift */ = {isa = PBXFileReference; fileEncoding = 4; lastKnownFileType = sourcecode.swift; path = "UICollectionViewFlowLayout+SWFBuilder.swift"; sourceTree = "<group>"; };
		34E47F7C2022E575005E855C /* UICollectionViewLayout+SWFBuilder.swift */ = {isa = PBXFileReference; fileEncoding = 4; lastKnownFileType = sourcecode.swift; path = "UICollectionViewLayout+SWFBuilder.swift"; sourceTree = "<group>"; };
		34E47F7D2022E575005E855C /* UIColor+SWFBuilder.swift */ = {isa = PBXFileReference; fileEncoding = 4; lastKnownFileType = sourcecode.swift; path = "UIColor+SWFBuilder.swift"; sourceTree = "<group>"; };
		34E47F7E2022E575005E855C /* UIDatePicker+SWFBuilder.swift */ = {isa = PBXFileReference; fileEncoding = 4; lastKnownFileType = sourcecode.swift; path = "UIDatePicker+SWFBuilder.swift"; sourceTree = "<group>"; };
		34E47F7F2022E575005E855C /* UIFont+SWFBuilder.swift */ = {isa = PBXFileReference; fileEncoding = 4; lastKnownFileType = sourcecode.swift; path = "UIFont+SWFBuilder.swift"; sourceTree = "<group>"; };
		34E47F802022E575005E855C /* UIImage+SWFBuilder.swift */ = {isa = PBXFileReference; fileEncoding = 4; lastKnownFileType = sourcecode.swift; path = "UIImage+SWFBuilder.swift"; sourceTree = "<group>"; };
		34E47F812022E575005E855C /* UIImageView+SWFBuilder.swift */ = {isa = PBXFileReference; fileEncoding = 4; lastKnownFileType = sourcecode.swift; path = "UIImageView+SWFBuilder.swift"; sourceTree = "<group>"; };
		34E47F822022E575005E855C /* UILabel+SWFBuilder.swift */ = {isa = PBXFileReference; fileEncoding = 4; lastKnownFileType = sourcecode.swift; path = "UILabel+SWFBuilder.swift"; sourceTree = "<group>"; };
		34E47F832022E575005E855C /* UINavigationControllor+SWFBuilder.swift */ = {isa = PBXFileReference; fileEncoding = 4; lastKnownFileType = sourcecode.swift; path = "UINavigationControllor+SWFBuilder.swift"; sourceTree = "<group>"; };
		34E47F842022E575005E855C /* UIPageControl+SWFBuilder.swift */ = {isa = PBXFileReference; fileEncoding = 4; lastKnownFileType = sourcecode.swift; path = "UIPageControl+SWFBuilder.swift"; sourceTree = "<group>"; };
		34E47F852022E575005E855C /* UIPickerView+SWFBuilder.swift */ = {isa = PBXFileReference; fileEncoding = 4; lastKnownFileType = sourcecode.swift; path = "UIPickerView+SWFBuilder.swift"; sourceTree = "<group>"; };
		34E47F862022E575005E855C /* UIScrollView+SWFBuilder.swift */ = {isa = PBXFileReference; fileEncoding = 4; lastKnownFileType = sourcecode.swift; path = "UIScrollView+SWFBuilder.swift"; sourceTree = "<group>"; };
		34E47F872022E575005E855C /* UISearchBar+SWFBuilder.swift */ = {isa = PBXFileReference; fileEncoding = 4; lastKnownFileType = sourcecode.swift; path = "UISearchBar+SWFBuilder.swift"; sourceTree = "<group>"; };
		34E47F882022E575005E855C /* UISegmentedControl+SWFBuilder.swift */ = {isa = PBXFileReference; fileEncoding = 4; lastKnownFileType = sourcecode.swift; path = "UISegmentedControl+SWFBuilder.swift"; sourceTree = "<group>"; };
		34E47F892022E575005E855C /* UISlider+SWFBuilder.swift */ = {isa = PBXFileReference; fileEncoding = 4; lastKnownFileType = sourcecode.swift; path = "UISlider+SWFBuilder.swift"; sourceTree = "<group>"; };
		34E47F8A2022E575005E855C /* UISwitch+SWFBuilder.swift */ = {isa = PBXFileReference; fileEncoding = 4; lastKnownFileType = sourcecode.swift; path = "UISwitch+SWFBuilder.swift"; sourceTree = "<group>"; };
		34E47F8B2022E575005E855C /* UITableView+SWFBuilder.swift */ = {isa = PBXFileReference; fileEncoding = 4; lastKnownFileType = sourcecode.swift; path = "UITableView+SWFBuilder.swift"; sourceTree = "<group>"; };
		34E47F8C2022E575005E855C /* UITableViewCell+SWFBuilder.swift */ = {isa = PBXFileReference; fileEncoding = 4; lastKnownFileType = sourcecode.swift; path = "UITableViewCell+SWFBuilder.swift"; sourceTree = "<group>"; };
		34E47F8D2022E575005E855C /* UITextField+SWFBuilder.swift */ = {isa = PBXFileReference; fileEncoding = 4; lastKnownFileType = sourcecode.swift; path = "UITextField+SWFBuilder.swift"; sourceTree = "<group>"; };
		34E47F8E2022E575005E855C /* UITextView+SWFBuilder.swift */ = {isa = PBXFileReference; fileEncoding = 4; lastKnownFileType = sourcecode.swift; path = "UITextView+SWFBuilder.swift"; sourceTree = "<group>"; };
		34E47F8F2022E575005E855C /* UIView+SWFBuilder.swift */ = {isa = PBXFileReference; fileEncoding = 4; lastKnownFileType = sourcecode.swift; path = "UIView+SWFBuilder.swift"; sourceTree = "<group>"; };
		34E47F902022E575005E855C /* UIViewController+SWFBuilder.swift */ = {isa = PBXFileReference; fileEncoding = 4; lastKnownFileType = sourcecode.swift; path = "UIViewController+SWFBuilder.swift"; sourceTree = "<group>"; };
		34E47F912022E575005E855C /* UIWebView+SWFBuilder.swift */ = {isa = PBXFileReference; fileEncoding = 4; lastKnownFileType = sourcecode.swift; path = "UIWebView+SWFBuilder.swift"; sourceTree = "<group>"; };
		34E47F922022E575005E855C /* UIWindow+SWFBuilder.swift */ = {isa = PBXFileReference; fileEncoding = 4; lastKnownFileType = sourcecode.swift; path = "UIWindow+SWFBuilder.swift"; sourceTree = "<group>"; };
		34E47F932022E575005E855C /* URL+SWFBuilder.swift */ = {isa = PBXFileReference; fileEncoding = 4; lastKnownFileType = sourcecode.swift; path = "URL+SWFBuilder.swift"; sourceTree = "<group>"; };
		34E47F942022E575005E855C /* WKWebView+SWFBuilder.swift */ = {isa = PBXFileReference; fileEncoding = 4; lastKnownFileType = sourcecode.swift; path = "WKWebView+SWFBuilder.swift"; sourceTree = "<group>"; };
/* End PBXFileReference section */

/* Begin PBXFrameworksBuildPhase section */
		347E7C55202194E700712875 /* Frameworks */ = {
			isa = PBXFrameworksBuildPhase;
			buildActionMask = 2147483647;
			files = (
			);
			runOnlyForDeploymentPostprocessing = 0;
		};
		347E7C69202194E700712875 /* Frameworks */ = {
			isa = PBXFrameworksBuildPhase;
			buildActionMask = 2147483647;
			files = (
			);
			runOnlyForDeploymentPostprocessing = 0;
		};
		347E7C74202194E700712875 /* Frameworks */ = {
			isa = PBXFrameworksBuildPhase;
			buildActionMask = 2147483647;
			files = (
			);
			runOnlyForDeploymentPostprocessing = 0;
		};
/* End PBXFrameworksBuildPhase section */

/* Begin PBXGroup section */
		347E7C4F202194E700712875 = {
			isa = PBXGroup;
			children = (
				34E47F622022E575005E855C /* SWFBuilder */,
				347E7C5A202194E700712875 /* SWFBuilderDemo */,
				347E7C6F202194E700712875 /* SWFBuilderDemoTests */,
				347E7C7A202194E700712875 /* SWFBuilderDemoUITests */,
				347E7C59202194E700712875 /* Products */,
			);
			sourceTree = "<group>";
		};
		347E7C59202194E700712875 /* Products */ = {
			isa = PBXGroup;
			children = (
				347E7C58202194E700712875 /* SWFBuilderDemo.app */,
				347E7C6C202194E700712875 /* SWFBuilderDemoTests.xctest */,
				347E7C77202194E700712875 /* SWFBuilderDemoUITests.xctest */,
			);
			name = Products;
			sourceTree = "<group>";
		};
		347E7C5A202194E700712875 /* SWFBuilderDemo */ = {
			isa = PBXGroup;
			children = (
				34A75D352023FCF9006FCC29 /* resource */,
				347E7C5B202194E700712875 /* AppDelegate.swift */,
				347E7C5D202194E700712875 /* ViewController.swift */,
				345FF13720293CF90024130B /* WKWebViewController.swift */,
				347E7C5F202194E700712875 /* Main.storyboard */,
				347E7C62202194E700712875 /* Assets.xcassets */,
				347E7C64202194E700712875 /* LaunchScreen.storyboard */,
				347E7C67202194E700712875 /* Info.plist */,
			);
			path = SWFBuilderDemo;
			sourceTree = "<group>";
		};
		347E7C6F202194E700712875 /* SWFBuilderDemoTests */ = {
			isa = PBXGroup;
			children = (
				347E7C70202194E700712875 /* SWFBuilderDemoTests.swift */,
				347E7C72202194E700712875 /* Info.plist */,
			);
			path = SWFBuilderDemoTests;
			sourceTree = "<group>";
		};
		347E7C7A202194E700712875 /* SWFBuilderDemoUITests */ = {
			isa = PBXGroup;
			children = (
				347E7C7B202194E700712875 /* SWFBuilderDemoUITests.swift */,
				347E7C7D202194E700712875 /* Info.plist */,
			);
			path = SWFBuilderDemoUITests;
			sourceTree = "<group>";
		};
		34A75D352023FCF9006FCC29 /* resource */ = {
			isa = PBXGroup;
			children = (
				34A75D362023FCF9006FCC29 /* back@3x.png */,
				34A75D372023FCF9006FCC29 /* xxx@3x.png */,
			);
			path = resource;
			sourceTree = "<group>";
		};
		34E47F622022E575005E855C /* SWFBuilder */ = {
			isa = PBXGroup;
			children = (
				34E47F632022E575005E855C /* Data+SWFBuilder.swift */,
				34E47F642022E575005E855C /* Date+SWFBuilder.swift */,
				34E47F652022E575005E855C /* DateFormatter+SWFBuilder.swift */,
				34E47F662022E575005E855C /* Dictionary+SWFBuilder.swift */,
				34E47F672022E575005E855C /* NSArray+SWFBuilder.swift */,
				34E47F682022E575005E855C /* NSAttributedString+SWFBuilder.swift */,
				34E47F692022E575005E855C /* NSMutableArray+SWFBuilder.swift */,
				34E47F6A2022E575005E855C /* NSMutableAttributedString+SWFBuilder.swift */,
				34E47F6B2022E575005E855C /* NSMutableParagraphStyle+SWFBuilder.swift */,
				34E47F6C2022E575005E855C /* NSObject+SWFBuilder.swift */,
				34E47F6D2022E575005E855C /* SFAlert.swift */,
				34E47F6E2022E575005E855C /* SFConfig.swift */,
				34E47F6F2022E575005E855C /* SFDefine.swift */,
				34E47F702022E575005E855C /* SFFunc.swift */,
				34E47F712022E575005E855C /* SFMake.swift */,
				34E47F722022E575005E855C /* SFProtocol.swift */,
				34E47F732022E575005E855C /* SFQueue.swift */,
				34E47F742022E575005E855C /* SFUtils.swift */,
				34E47F752022E575005E855C /* String+SWFBuilder.swift */,
				34E47F762022E575005E855C /* UIActivityIndicatorView+SWFBuilder.swift */,
				34E47F772022E575005E855C /* UIApplication+SWFBuilder.swift */,
				34E47F782022E575005E855C /* UIButton+SWFBuilder.swift */,
				34E47F792022E575005E855C /* UICollectionView+SWFBuilder.swift */,
				34E47F7A2022E575005E855C /* UICollectionViewCell+SWFBuilder.swift */,
				34E47F7B2022E575005E855C /* UICollectionViewFlowLayout+SWFBuilder.swift */,
				34E47F7C2022E575005E855C /* UICollectionViewLayout+SWFBuilder.swift */,
				34E47F7D2022E575005E855C /* UIColor+SWFBuilder.swift */,
				34E47F7E2022E575005E855C /* UIDatePicker+SWFBuilder.swift */,
				34E47F7F2022E575005E855C /* UIFont+SWFBuilder.swift */,
				34E47F802022E575005E855C /* UIImage+SWFBuilder.swift */,
				34E47F812022E575005E855C /* UIImageView+SWFBuilder.swift */,
				34E47F822022E575005E855C /* UILabel+SWFBuilder.swift */,
				34E47F832022E575005E855C /* UINavigationControllor+SWFBuilder.swift */,
				34E47F842022E575005E855C /* UIPageControl+SWFBuilder.swift */,
				34E47F852022E575005E855C /* UIPickerView+SWFBuilder.swift */,
				34E47F862022E575005E855C /* UIScrollView+SWFBuilder.swift */,
				34E47F872022E575005E855C /* UISearchBar+SWFBuilder.swift */,
				34E47F882022E575005E855C /* UISegmentedControl+SWFBuilder.swift */,
				34E47F892022E575005E855C /* UISlider+SWFBuilder.swift */,
				34E47F8A2022E575005E855C /* UISwitch+SWFBuilder.swift */,
				34E47F8B2022E575005E855C /* UITableView+SWFBuilder.swift */,
				34E47F8C2022E575005E855C /* UITableViewCell+SWFBuilder.swift */,
				34E47F8D2022E575005E855C /* UITextField+SWFBuilder.swift */,
				34E47F8E2022E575005E855C /* UITextView+SWFBuilder.swift */,
				34E47F8F2022E575005E855C /* UIView+SWFBuilder.swift */,
				34E47F902022E575005E855C /* UIViewController+SWFBuilder.swift */,
				34E47F912022E575005E855C /* UIWebView+SWFBuilder.swift */,
				34E47F922022E575005E855C /* UIWindow+SWFBuilder.swift */,
				34E47F932022E575005E855C /* URL+SWFBuilder.swift */,
				345FF13920293E5B0024130B /* URLRequest+SWFBuilder.swift */,
				34E47F942022E575005E855C /* WKWebView+SWFBuilder.swift */,
			);
			path = SWFBuilder;
			sourceTree = "<group>";
		};
/* End PBXGroup section */

/* Begin PBXNativeTarget section */
		347E7C57202194E700712875 /* SWFBuilderDemo */ = {
			isa = PBXNativeTarget;
			buildConfigurationList = 347E7C80202194E700712875 /* Build configuration list for PBXNativeTarget "SWFBuilderDemo" */;
			buildPhases = (
				347E7C54202194E700712875 /* Sources */,
				347E7C55202194E700712875 /* Frameworks */,
				347E7C56202194E700712875 /* Resources */,
			);
			buildRules = (
			);
			dependencies = (
			);
			name = SWFBuilderDemo;
			productName = SWFBuilderDemo;
			productReference = 347E7C58202194E700712875 /* SWFBuilderDemo.app */;
			productType = "com.apple.product-type.application";
		};
		347E7C6B202194E700712875 /* SWFBuilderDemoTests */ = {
			isa = PBXNativeTarget;
			buildConfigurationList = 347E7C83202194E700712875 /* Build configuration list for PBXNativeTarget "SWFBuilderDemoTests" */;
			buildPhases = (
				347E7C68202194E700712875 /* Sources */,
				347E7C69202194E700712875 /* Frameworks */,
				347E7C6A202194E700712875 /* Resources */,
			);
			buildRules = (
			);
			dependencies = (
				347E7C6E202194E700712875 /* PBXTargetDependency */,
			);
			name = SWFBuilderDemoTests;
			productName = SWFBuilderDemoTests;
			productReference = 347E7C6C202194E700712875 /* SWFBuilderDemoTests.xctest */;
			productType = "com.apple.product-type.bundle.unit-test";
		};
		347E7C76202194E700712875 /* SWFBuilderDemoUITests */ = {
			isa = PBXNativeTarget;
			buildConfigurationList = 347E7C86202194E700712875 /* Build configuration list for PBXNativeTarget "SWFBuilderDemoUITests" */;
			buildPhases = (
				347E7C73202194E700712875 /* Sources */,
				347E7C74202194E700712875 /* Frameworks */,
				347E7C75202194E700712875 /* Resources */,
			);
			buildRules = (
			);
			dependencies = (
				347E7C79202194E700712875 /* PBXTargetDependency */,
			);
			name = SWFBuilderDemoUITests;
			productName = SWFBuilderDemoUITests;
			productReference = 347E7C77202194E700712875 /* SWFBuilderDemoUITests.xctest */;
			productType = "com.apple.product-type.bundle.ui-testing";
		};
/* End PBXNativeTarget section */

/* Begin PBXProject section */
		347E7C50202194E700712875 /* Project object */ = {
			isa = PBXProject;
			attributes = {
				LastSwiftUpdateCheck = 0920;
				LastUpgradeCheck = 0920;
				ORGANIZATIONNAME = liangweifeng;
				TargetAttributes = {
					347E7C57202194E700712875 = {
						CreatedOnToolsVersion = 9.2;
						ProvisioningStyle = Automatic;
					};
					347E7C6B202194E700712875 = {
						CreatedOnToolsVersion = 9.2;
						ProvisioningStyle = Automatic;
						TestTargetID = 347E7C57202194E700712875;
					};
					347E7C76202194E700712875 = {
						CreatedOnToolsVersion = 9.2;
						ProvisioningStyle = Automatic;
						TestTargetID = 347E7C57202194E700712875;
					};
				};
			};
			buildConfigurationList = 347E7C53202194E700712875 /* Build configuration list for PBXProject "SWFBuilderDemo" */;
			compatibilityVersion = "Xcode 8.0";
			developmentRegion = en;
			hasScannedForEncodings = 0;
			knownRegions = (
				en,
				Base,
			);
			mainGroup = 347E7C4F202194E700712875;
			productRefGroup = 347E7C59202194E700712875 /* Products */;
			projectDirPath = "";
			projectRoot = "";
			targets = (
				347E7C57202194E700712875 /* SWFBuilderDemo */,
				347E7C6B202194E700712875 /* SWFBuilderDemoTests */,
				347E7C76202194E700712875 /* SWFBuilderDemoUITests */,
			);
		};
/* End PBXProject section */

/* Begin PBXResourcesBuildPhase section */
		347E7C56202194E700712875 /* Resources */ = {
			isa = PBXResourcesBuildPhase;
			buildActionMask = 2147483647;
			files = (
				347E7C66202194E700712875 /* LaunchScreen.storyboard in Resources */,
				34A75D392023FCFA006FCC29 /* xxx@3x.png in Resources */,
				347E7C63202194E700712875 /* Assets.xcassets in Resources */,
				34A75D382023FCFA006FCC29 /* back@3x.png in Resources */,
				347E7C61202194E700712875 /* Main.storyboard in Resources */,
			);
			runOnlyForDeploymentPostprocessing = 0;
		};
		347E7C6A202194E700712875 /* Resources */ = {
			isa = PBXResourcesBuildPhase;
			buildActionMask = 2147483647;
			files = (
			);
			runOnlyForDeploymentPostprocessing = 0;
		};
		347E7C75202194E700712875 /* Resources */ = {
			isa = PBXResourcesBuildPhase;
			buildActionMask = 2147483647;
			files = (
			);
			runOnlyForDeploymentPostprocessing = 0;
		};
/* End PBXResourcesBuildPhase section */

/* Begin PBXSourcesBuildPhase section */
		347E7C54202194E700712875 /* Sources */ = {
			isa = PBXSourcesBuildPhase;
			buildActionMask = 2147483647;
			files = (
				34E47FA02022E575005E855C /* SFConfig.swift in Sources */,
				34E47FC22022E575005E855C /* UIViewController+SWFBuilder.swift in Sources */,
				34E47FB42022E575005E855C /* UILabel+SWFBuilder.swift in Sources */,
				34E47FC02022E575005E855C /* UITextView+SWFBuilder.swift in Sources */,
				34E47FAB2022E575005E855C /* UICollectionView+SWFBuilder.swift in Sources */,
				34E47FBA2022E575005E855C /* UISegmentedControl+SWFBuilder.swift in Sources */,
				345FF13820293CF90024130B /* WKWebViewController.swift in Sources */,
				34E47FBF2022E575005E855C /* UITextField+SWFBuilder.swift in Sources */,
				34E47FB02022E575005E855C /* UIDatePicker+SWFBuilder.swift in Sources */,
				34E47F9A2022E575005E855C /* NSAttributedString+SWFBuilder.swift in Sources */,
				34E47FA82022E575005E855C /* UIActivityIndicatorView+SWFBuilder.swift in Sources */,
				34E47FA62022E575005E855C /* SFUtils.swift in Sources */,
				34E47FBC2022E575005E855C /* UISwitch+SWFBuilder.swift in Sources */,
				34E47FB62022E575005E855C /* UIPageControl+SWFBuilder.swift in Sources */,
				34E47F9C2022E575005E855C /* NSMutableAttributedString+SWFBuilder.swift in Sources */,
				34E47FBB2022E575005E855C /* UISlider+SWFBuilder.swift in Sources */,
				34E47FBE2022E575005E855C /* UITableViewCell+SWFBuilder.swift in Sources */,
				34E47F982022E575005E855C /* Dictionary+SWFBuilder.swift in Sources */,
				34E47FA12022E575005E855C /* SFDefine.swift in Sources */,
				34E47F972022E575005E855C /* DateFormatter+SWFBuilder.swift in Sources */,
				34E47FB32022E575005E855C /* UIImageView+SWFBuilder.swift in Sources */,
				34E47F962022E575005E855C /* Date+SWFBuilder.swift in Sources */,
				345FF13A20293E5B0024130B /* URLRequest+SWFBuilder.swift in Sources */,
				34E47FA32022E575005E855C /* SFMake.swift in Sources */,
				34E47FC62022E575005E855C /* WKWebView+SWFBuilder.swift in Sources */,
				34E47FAC2022E575005E855C /* UICollectionViewCell+SWFBuilder.swift in Sources */,
				34E47F9B2022E575005E855C /* NSMutableArray+SWFBuilder.swift in Sources */,
				34E47F9E2022E575005E855C /* NSObject+SWFBuilder.swift in Sources */,
				34E47F9D2022E575005E855C /* NSMutableParagraphStyle+SWFBuilder.swift in Sources */,
				34E47FC52022E575005E855C /* URL+SWFBuilder.swift in Sources */,
				34E47FB52022E575005E855C /* UINavigationControllor+SWFBuilder.swift in Sources */,
				34E47FA92022E575005E855C /* UIApplication+SWFBuilder.swift in Sources */,
				34E47FA52022E575005E855C /* SFQueue.swift in Sources */,
				34E47FAD2022E575005E855C /* UICollectionViewFlowLayout+SWFBuilder.swift in Sources */,
				347E7C5E202194E700712875 /* ViewController.swift in Sources */,
				34E47FB12022E575005E855C /* UIFont+SWFBuilder.swift in Sources */,
				34E47FAE2022E575005E855C /* UICollectionViewLayout+SWFBuilder.swift in Sources */,
				34E47FB22022E575005E855C /* UIImage+SWFBuilder.swift in Sources */,
				34E47FBD2022E575005E855C /* UITableView+SWFBuilder.swift in Sources */,
				34E47FAF2022E575005E855C /* UIColor+SWFBuilder.swift in Sources */,
				34E47FB82022E575005E855C /* UIScrollView+SWFBuilder.swift in Sources */,
				34E47FB72022E575005E855C /* UIPickerView+SWFBuilder.swift in Sources */,
				34E47FAA2022E575005E855C /* UIButton+SWFBuilder.swift in Sources */,
				34E47FA72022E575005E855C /* String+SWFBuilder.swift in Sources */,
				34E47FA42022E575005E855C /* SFProtocol.swift in Sources */,
				347E7C5C202194E700712875 /* AppDelegate.swift in Sources */,
				34E47FA22022E575005E855C /* SFFunc.swift in Sources */,
				34E47FC12022E575005E855C /* UIView+SWFBuilder.swift in Sources */,
				34E47F9F2022E575005E855C /* SFAlert.swift in Sources */,
				34E47F952022E575005E855C /* Data+SWFBuilder.swift in Sources */,
				34E47FC42022E575005E855C /* UIWindow+SWFBuilder.swift in Sources */,
				34E47FB92022E575005E855C /* UISearchBar+SWFBuilder.swift in Sources */,
				34E47F992022E575005E855C /* NSArray+SWFBuilder.swift in Sources */,
				34E47FC32022E575005E855C /* UIWebView+SWFBuilder.swift in Sources */,
			);
			runOnlyForDeploymentPostprocessing = 0;
		};
		347E7C68202194E700712875 /* Sources */ = {
			isa = PBXSourcesBuildPhase;
			buildActionMask = 2147483647;
			files = (
				347E7C71202194E700712875 /* SWFBuilderDemoTests.swift in Sources */,
			);
			runOnlyForDeploymentPostprocessing = 0;
		};
		347E7C73202194E700712875 /* Sources */ = {
			isa = PBXSourcesBuildPhase;
			buildActionMask = 2147483647;
			files = (
				347E7C7C202194E700712875 /* SWFBuilderDemoUITests.swift in Sources */,
			);
			runOnlyForDeploymentPostprocessing = 0;
		};
/* End PBXSourcesBuildPhase section */

/* Begin PBXTargetDependency section */
		347E7C6E202194E700712875 /* PBXTargetDependency */ = {
			isa = PBXTargetDependency;
			target = 347E7C57202194E700712875 /* SWFBuilderDemo */;
			targetProxy = 347E7C6D202194E700712875 /* PBXContainerItemProxy */;
		};
		347E7C79202194E700712875 /* PBXTargetDependency */ = {
			isa = PBXTargetDependency;
			target = 347E7C57202194E700712875 /* SWFBuilderDemo */;
			targetProxy = 347E7C78202194E700712875 /* PBXContainerItemProxy */;
		};
/* End PBXTargetDependency section */

/* Begin PBXVariantGroup section */
		347E7C5F202194E700712875 /* Main.storyboard */ = {
			isa = PBXVariantGroup;
			children = (
				347E7C60202194E700712875 /* Base */,
			);
			name = Main.storyboard;
			sourceTree = "<group>";
		};
		347E7C64202194E700712875 /* LaunchScreen.storyboard */ = {
			isa = PBXVariantGroup;
			children = (
				347E7C65202194E700712875 /* Base */,
			);
			name = LaunchScreen.storyboard;
			sourceTree = "<group>";
		};
/* End PBXVariantGroup section */

/* Begin XCBuildConfiguration section */
		347E7C7E202194E700712875 /* Debug */ = {
			isa = XCBuildConfiguration;
			buildSettings = {
				ALWAYS_SEARCH_USER_PATHS = NO;
				CLANG_ANALYZER_NONNULL = YES;
				CLANG_ANALYZER_NUMBER_OBJECT_CONVERSION = YES_AGGRESSIVE;
				CLANG_CXX_LANGUAGE_STANDARD = "gnu++14";
				CLANG_CXX_LIBRARY = "libc++";
				CLANG_ENABLE_MODULES = YES;
				CLANG_ENABLE_OBJC_ARC = YES;
				CLANG_WARN_BLOCK_CAPTURE_AUTORELEASING = YES;
				CLANG_WARN_BOOL_CONVERSION = YES;
				CLANG_WARN_COMMA = YES;
				CLANG_WARN_CONSTANT_CONVERSION = YES;
				CLANG_WARN_DIRECT_OBJC_ISA_USAGE = YES_ERROR;
				CLANG_WARN_DOCUMENTATION_COMMENTS = YES;
				CLANG_WARN_EMPTY_BODY = YES;
				CLANG_WARN_ENUM_CONVERSION = YES;
				CLANG_WARN_INFINITE_RECURSION = YES;
				CLANG_WARN_INT_CONVERSION = YES;
				CLANG_WARN_NON_LITERAL_NULL_CONVERSION = YES;
				CLANG_WARN_OBJC_LITERAL_CONVERSION = YES;
				CLANG_WARN_OBJC_ROOT_CLASS = YES_ERROR;
				CLANG_WARN_RANGE_LOOP_ANALYSIS = YES;
				CLANG_WARN_STRICT_PROTOTYPES = YES;
				CLANG_WARN_SUSPICIOUS_MOVE = YES;
				CLANG_WARN_UNGUARDED_AVAILABILITY = YES_AGGRESSIVE;
				CLANG_WARN_UNREACHABLE_CODE = YES;
				CLANG_WARN__DUPLICATE_METHOD_MATCH = YES;
				CODE_SIGN_IDENTITY = "iPhone Developer";
				COPY_PHASE_STRIP = NO;
				DEBUG_INFORMATION_FORMAT = dwarf;
				ENABLE_STRICT_OBJC_MSGSEND = YES;
				ENABLE_TESTABILITY = YES;
				GCC_C_LANGUAGE_STANDARD = gnu11;
				GCC_DYNAMIC_NO_PIC = NO;
				GCC_NO_COMMON_BLOCKS = YES;
				GCC_OPTIMIZATION_LEVEL = 0;
				GCC_PREPROCESSOR_DEFINITIONS = (
					"DEBUG=1",
					"$(inherited)",
				);
				GCC_WARN_64_TO_32_BIT_CONVERSION = YES;
				GCC_WARN_ABOUT_RETURN_TYPE = YES_ERROR;
				GCC_WARN_UNDECLARED_SELECTOR = YES;
				GCC_WARN_UNINITIALIZED_AUTOS = YES_AGGRESSIVE;
				GCC_WARN_UNUSED_FUNCTION = YES;
				GCC_WARN_UNUSED_VARIABLE = YES;
				IPHONEOS_DEPLOYMENT_TARGET = 11.2;
				MTL_ENABLE_DEBUG_INFO = YES;
				ONLY_ACTIVE_ARCH = YES;
				SDKROOT = iphoneos;
				SWIFT_ACTIVE_COMPILATION_CONDITIONS = DEBUG;
				SWIFT_OPTIMIZATION_LEVEL = "-Onone";
			};
			name = Debug;
		};
		347E7C7F202194E700712875 /* Release */ = {
			isa = XCBuildConfiguration;
			buildSettings = {
				ALWAYS_SEARCH_USER_PATHS = NO;
				CLANG_ANALYZER_NONNULL = YES;
				CLANG_ANALYZER_NUMBER_OBJECT_CONVERSION = YES_AGGRESSIVE;
				CLANG_CXX_LANGUAGE_STANDARD = "gnu++14";
				CLANG_CXX_LIBRARY = "libc++";
				CLANG_ENABLE_MODULES = YES;
				CLANG_ENABLE_OBJC_ARC = YES;
				CLANG_WARN_BLOCK_CAPTURE_AUTORELEASING = YES;
				CLANG_WARN_BOOL_CONVERSION = YES;
				CLANG_WARN_COMMA = YES;
				CLANG_WARN_CONSTANT_CONVERSION = YES;
				CLANG_WARN_DIRECT_OBJC_ISA_USAGE = YES_ERROR;
				CLANG_WARN_DOCUMENTATION_COMMENTS = YES;
				CLANG_WARN_EMPTY_BODY = YES;
				CLANG_WARN_ENUM_CONVERSION = YES;
				CLANG_WARN_INFINITE_RECURSION = YES;
				CLANG_WARN_INT_CONVERSION = YES;
				CLANG_WARN_NON_LITERAL_NULL_CONVERSION = YES;
				CLANG_WARN_OBJC_LITERAL_CONVERSION = YES;
				CLANG_WARN_OBJC_ROOT_CLASS = YES_ERROR;
				CLANG_WARN_RANGE_LOOP_ANALYSIS = YES;
				CLANG_WARN_STRICT_PROTOTYPES = YES;
				CLANG_WARN_SUSPICIOUS_MOVE = YES;
				CLANG_WARN_UNGUARDED_AVAILABILITY = YES_AGGRESSIVE;
				CLANG_WARN_UNREACHABLE_CODE = YES;
				CLANG_WARN__DUPLICATE_METHOD_MATCH = YES;
				CODE_SIGN_IDENTITY = "iPhone Developer";
				COPY_PHASE_STRIP = NO;
				DEBUG_INFORMATION_FORMAT = "dwarf-with-dsym";
				ENABLE_NS_ASSERTIONS = NO;
				ENABLE_STRICT_OBJC_MSGSEND = YES;
				GCC_C_LANGUAGE_STANDARD = gnu11;
				GCC_NO_COMMON_BLOCKS = YES;
				GCC_WARN_64_TO_32_BIT_CONVERSION = YES;
				GCC_WARN_ABOUT_RETURN_TYPE = YES_ERROR;
				GCC_WARN_UNDECLARED_SELECTOR = YES;
				GCC_WARN_UNINITIALIZED_AUTOS = YES_AGGRESSIVE;
				GCC_WARN_UNUSED_FUNCTION = YES;
				GCC_WARN_UNUSED_VARIABLE = YES;
				IPHONEOS_DEPLOYMENT_TARGET = 11.2;
				MTL_ENABLE_DEBUG_INFO = NO;
				SDKROOT = iphoneos;
				SWIFT_OPTIMIZATION_LEVEL = "-Owholemodule";
				VALIDATE_PRODUCT = YES;
			};
			name = Release;
		};
		347E7C81202194E700712875 /* Debug */ = {
			isa = XCBuildConfiguration;
			buildSettings = {
				ASSETCATALOG_COMPILER_APPICON_NAME = AppIcon;
				CODE_SIGN_STYLE = Automatic;
				DEVELOPMENT_TEAM = VKEL9TSY3J;
				INFOPLIST_FILE = SWFBuilderDemo/Info.plist;
				LD_RUNPATH_SEARCH_PATHS = "$(inherited) @executable_path/Frameworks";
				PRODUCT_BUNDLE_IDENTIFIER = org.anody.swfbuilder.SWFBuilderDemo;
				PRODUCT_NAME = "$(TARGET_NAME)";
				SWIFT_VERSION = 4.0;
				TARGETED_DEVICE_FAMILY = "1,2";
			};
			name = Debug;
		};
		347E7C82202194E700712875 /* Release */ = {
			isa = XCBuildConfiguration;
			buildSettings = {
				ASSETCATALOG_COMPILER_APPICON_NAME = AppIcon;
				CODE_SIGN_STYLE = Automatic;
				DEVELOPMENT_TEAM = VKEL9TSY3J;
				INFOPLIST_FILE = SWFBuilderDemo/Info.plist;
				LD_RUNPATH_SEARCH_PATHS = "$(inherited) @executable_path/Frameworks";
				PRODUCT_BUNDLE_IDENTIFIER = org.anody.swfbuilder.SWFBuilderDemo;
				PRODUCT_NAME = "$(TARGET_NAME)";
				SWIFT_VERSION = 4.0;
				TARGETED_DEVICE_FAMILY = "1,2";
			};
			name = Release;
		};
		347E7C84202194E700712875 /* Debug */ = {
			isa = XCBuildConfiguration;
			buildSettings = {
				ALWAYS_EMBED_SWIFT_STANDARD_LIBRARIES = YES;
				BUNDLE_LOADER = "$(TEST_HOST)";
				CODE_SIGN_STYLE = Automatic;
				DEVELOPMENT_TEAM = VKEL9TSY3J;
				INFOPLIST_FILE = SWFBuilderDemoTests/Info.plist;
				LD_RUNPATH_SEARCH_PATHS = "$(inherited) @executable_path/Frameworks @loader_path/Frameworks";
				PRODUCT_BUNDLE_IDENTIFIER = org.anody.swfbuilder.SWFBuilderDemoTests;
				PRODUCT_NAME = "$(TARGET_NAME)";
				SWIFT_VERSION = 4.0;
				TARGETED_DEVICE_FAMILY = "1,2";
				TEST_HOST = "$(BUILT_PRODUCTS_DIR)/SWFBuilderDemo.app/SWFBuilderDemo";
			};
			name = Debug;
		};
		347E7C85202194E700712875 /* Release */ = {
			isa = XCBuildConfiguration;
			buildSettings = {
				ALWAYS_EMBED_SWIFT_STANDARD_LIBRARIES = YES;
				BUNDLE_LOADER = "$(TEST_HOST)";
				CODE_SIGN_STYLE = Automatic;
				DEVELOPMENT_TEAM = VKEL9TSY3J;
				INFOPLIST_FILE = SWFBuilderDemoTests/Info.plist;
				LD_RUNPATH_SEARCH_PATHS = "$(inherited) @executable_path/Frameworks @loader_path/Frameworks";
				PRODUCT_BUNDLE_IDENTIFIER = org.anody.swfbuilder.SWFBuilderDemoTests;
				PRODUCT_NAME = "$(TARGET_NAME)";
				SWIFT_VERSION = 4.0;
				TARGETED_DEVICE_FAMILY = "1,2";
				TEST_HOST = "$(BUILT_PRODUCTS_DIR)/SWFBuilderDemo.app/SWFBuilderDemo";
			};
			name = Release;
		};
		347E7C87202194E700712875 /* Debug */ = {
			isa = XCBuildConfiguration;
			buildSettings = {
				ALWAYS_EMBED_SWIFT_STANDARD_LIBRARIES = YES;
				CODE_SIGN_STYLE = Automatic;
				DEVELOPMENT_TEAM = VKEL9TSY3J;
				INFOPLIST_FILE = SWFBuilderDemoUITests/Info.plist;
				LD_RUNPATH_SEARCH_PATHS = "$(inherited) @executable_path/Frameworks @loader_path/Frameworks";
				PRODUCT_BUNDLE_IDENTIFIER = org.anody.swfbuilder.SWFBuilderDemoUITests;
				PRODUCT_NAME = "$(TARGET_NAME)";
				SWIFT_VERSION = 4.0;
				TARGETED_DEVICE_FAMILY = "1,2";
				TEST_TARGET_NAME = SWFBuilderDemo;
			};
			name = Debug;
		};
		347E7C88202194E700712875 /* Release */ = {
			isa = XCBuildConfiguration;
			buildSettings = {
				ALWAYS_EMBED_SWIFT_STANDARD_LIBRARIES = YES;
				CODE_SIGN_STYLE = Automatic;
				DEVELOPMENT_TEAM = VKEL9TSY3J;
				INFOPLIST_FILE = SWFBuilderDemoUITests/Info.plist;
				LD_RUNPATH_SEARCH_PATHS = "$(inherited) @executable_path/Frameworks @loader_path/Frameworks";
				PRODUCT_BUNDLE_IDENTIFIER = org.anody.swfbuilder.SWFBuilderDemoUITests;
				PRODUCT_NAME = "$(TARGET_NAME)";
				SWIFT_VERSION = 4.0;
				TARGETED_DEVICE_FAMILY = "1,2";
				TEST_TARGET_NAME = SWFBuilderDemo;
			};
			name = Release;
		};
/* End XCBuildConfiguration section */

/* Begin XCConfigurationList section */
		347E7C53202194E700712875 /* Build configuration list for PBXProject "SWFBuilderDemo" */ = {
			isa = XCConfigurationList;
			buildConfigurations = (
				347E7C7E202194E700712875 /* Debug */,
				347E7C7F202194E700712875 /* Release */,
			);
			defaultConfigurationIsVisible = 0;
			defaultConfigurationName = Release;
		};
		347E7C80202194E700712875 /* Build configuration list for PBXNativeTarget "SWFBuilderDemo" */ = {
			isa = XCConfigurationList;
			buildConfigurations = (
				347E7C81202194E700712875 /* Debug */,
				347E7C82202194E700712875 /* Release */,
			);
			defaultConfigurationIsVisible = 0;
			defaultConfigurationName = Release;
		};
		347E7C83202194E700712875 /* Build configuration list for PBXNativeTarget "SWFBuilderDemoTests" */ = {
			isa = XCConfigurationList;
			buildConfigurations = (
				347E7C84202194E700712875 /* Debug */,
				347E7C85202194E700712875 /* Release */,
			);
			defaultConfigurationIsVisible = 0;
			defaultConfigurationName = Release;
		};
		347E7C86202194E700712875 /* Build configuration list for PBXNativeTarget "SWFBuilderDemoUITests" */ = {
			isa = XCConfigurationList;
			buildConfigurations = (
				347E7C87202194E700712875 /* Debug */,
				347E7C88202194E700712875 /* Release */,
			);
			defaultConfigurationIsVisible = 0;
			defaultConfigurationName = Release;
		};
/* End XCConfigurationList section */
	};
	rootObject = 347E7C50202194E700712875 /* Project object */;
}
